# This file is automatically @generated by Cargo.
# It is not intended for manual editing.
[[package]]
name = "coredump"
version = "0.1.1"
source = "registry+https://github.com/rust-lang/crates.io-index"
checksum = "c4079960e8d47c5f7f6b36b61b2a462ad85eafaf2b1748bab2f71ddd6df6a7b0"
dependencies = [
 "libc",
]

[[package]]
name = "experiment-rust-coredump"
version = "0.1.0"
dependencies = [
 "coredump",
]

[[package]]
name = "libc"
version = "0.2.74"
source = "registry+https://github.com/rust-lang/crates.io-index"
checksum = "a2f02823cf78b754822df5f7f268fb59822e7296276d3e069d8e8cb26a14bd10"
